// !$*UTF8*$!
{
	archiveVersion = 1;
	classes = {
	};
	objectVersion = 56;
	objects = {

/* Begin PBXBuildFile section */
		980B139429E6973A000710DA /* UKnewsTestApp.swift in Sources */ = {isa = PBXBuildFile; fileRef = 980B139329E6973A000710DA /* UKnewsTestApp.swift */; };
		980B139629E6973A000710DA /* ContentView.swift in Sources */ = {isa = PBXBuildFile; fileRef = 980B139529E6973A000710DA /* ContentView.swift */; };
		980B139829E6973B000710DA /* Assets.xcassets in Resources */ = {isa = PBXBuildFile; fileRef = 980B139729E6973B000710DA /* Assets.xcassets */; };
		980B139B29E6973B000710DA /* Preview Assets.xcassets in Resources */ = {isa = PBXBuildFile; fileRef = 980B139A29E6973B000710DA /* Preview Assets.xcassets */; };
		980B13A229E69887000710DA /* NewsManager.swift in Sources */ = {isa = PBXBuildFile; fileRef = 980B13A129E69887000710DA /* NewsManager.swift */; };
		980B13A429E6992A000710DA /* NewsModel.swift in Sources */ = {isa = PBXBuildFile; fileRef = 980B13A329E6992A000710DA /* NewsModel.swift */; };
		980B13AA29E6D3D2000710DA /* DetailView.swift in Sources */ = {isa = PBXBuildFile; fileRef = 980B13A929E6D3D2000710DA /* DetailView.swift */; };
		980B13B129E6E1EA000710DA /* RowView.swift in Sources */ = {isa = PBXBuildFile; fileRef = 980B13B029E6E1EA000710DA /* RowView.swift */; };
		980B13B729E6EC01000710DA /* String.swift in Sources */ = {isa = PBXBuildFile; fileRef = 980B13B629E6EC01000710DA /* String.swift */; };
/* End PBXBuildFile section */

/* Begin PBXFileReference section */
		980B139029E6973A000710DA /* UKnewsTest.app */ = {isa = PBXFileReference; explicitFileType = wrapper.application; includeInIndex = 0; path = UKnewsTest.app; sourceTree = BUILT_PRODUCTS_DIR; };
		980B139329E6973A000710DA /* UKnewsTestApp.swift */ = {isa = PBXFileReference; lastKnownFileType = sourcecode.swift; path = UKnewsTestApp.swift; sourceTree = "<group>"; };
		980B139529E6973A000710DA /* ContentView.swift */ = {isa = PBXFileReference; lastKnownFileType = sourcecode.swift; path = ContentView.swift; sourceTree = "<group>"; };
		980B139729E6973B000710DA /* Assets.xcassets */ = {isa = PBXFileReference; lastKnownFileType = folder.assetcatalog; path = Assets.xcassets; sourceTree = "<group>"; };
		980B139A29E6973B000710DA /* Preview Assets.xcassets */ = {isa = PBXFileReference; lastKnownFileType = folder.assetcatalog; path = "Preview Assets.xcassets"; sourceTree = "<group>"; };
		980B13A129E69887000710DA /* NewsManager.swift */ = {isa = PBXFileReference; lastKnownFileType = sourcecode.swift; path = NewsManager.swift; sourceTree = "<group>"; };
		980B13A329E6992A000710DA /* NewsModel.swift */ = {isa = PBXFileReference; lastKnownFileType = sourcecode.swift; path = NewsModel.swift; sourceTree = "<group>"; };
		980B13A729E6BEA2000710DA /* Config.xcconfig */ = {isa = PBXFileReference; lastKnownFileType = text.xcconfig; path = Config.xcconfig; sourceTree = "<group>"; };
		980B13A829E6C310000710DA /* Info.plist */ = {isa = PBXFileReference; lastKnownFileType = text.plist; path = Info.plist; sourceTree = "<group>"; };
		980B13A929E6D3D2000710DA /* DetailView.swift */ = {isa = PBXFileReference; lastKnownFileType = sourcecode.swift; path = DetailView.swift; sourceTree = "<group>"; };
		980B13B029E6E1EA000710DA /* RowView.swift */ = {isa = PBXFileReference; lastKnownFileType = sourcecode.swift; path = RowView.swift; sourceTree = "<group>"; };
		980B13B629E6EC01000710DA /* String.swift */ = {isa = PBXFileReference; fileEncoding = 4; lastKnownFileType = sourcecode.swift; path = String.swift; sourceTree = "<group>"; };
/* End PBXFileReference section */

/* Begin PBXFrameworksBuildPhase section */
		980B138D29E6973A000710DA /* Frameworks */ = {
			isa = PBXFrameworksBuildPhase;
			buildActionMask = 2147483647;
			files = (
			);
			runOnlyForDeploymentPostprocessing = 0;
		};
/* End PBXFrameworksBuildPhase section */

/* Begin PBXGroup section */
		980B138729E6973A000710DA = {
			isa = PBXGroup;
			children = (
				980B139229E6973A000710DA /* UKnewsTest */,
				980B139129E6973A000710DA /* Products */,
			);
			sourceTree = "<group>";
		};
		980B139129E6973A000710DA /* Products */ = {
			isa = PBXGroup;
			children = (
				980B139029E6973A000710DA /* UKnewsTest.app */,
			);
			name = Products;
			sourceTree = "<group>";
		};
		980B139229E6973A000710DA /* UKnewsTest */ = {
			isa = PBXGroup;
			children = (
				980B139329E6973A000710DA /* UKnewsTestApp.swift */,
				980B13B429E6EB6B000710DA /* ViewModel */,
				980B13B229E6EB2F000710DA /* Model */,
				980B13B329E6EB3D000710DA /* Views */,
				980B13A729E6BEA2000710DA /* Config.xcconfig */,
				980B13B529E6EBDC000710DA /* Extensions */,
				980B13A829E6C310000710DA /* Info.plist */,
				980B139729E6973B000710DA /* Assets.xcassets */,
				980B139929E6973B000710DA /* Preview Content */,
			);
			path = UKnewsTest;
			sourceTree = "<group>";
		};
		980B139929E6973B000710DA /* Preview Content */ = {
			isa = PBXGroup;
			children = (
				980B139A29E6973B000710DA /* Preview Assets.xcassets */,
			);
			path = "Preview Content";
			sourceTree = "<group>";
		};
		980B13B229E6EB2F000710DA /* Model */ = {
			isa = PBXGroup;
			children = (
				980B13A329E6992A000710DA /* NewsModel.swift */,
			);
			path = Model;
			sourceTree = "<group>";
		};
		980B13B329E6EB3D000710DA /* Views */ = {
			isa = PBXGroup;
			children = (
				980B139529E6973A000710DA /* ContentView.swift */,
				980B13B029E6E1EA000710DA /* RowView.swift */,
				980B13A929E6D3D2000710DA /* DetailView.swift */,
			);
			path = Views;
			sourceTree = "<group>";
		};
		980B13B429E6EB6B000710DA /* ViewModel */ = {
			isa = PBXGroup;
			children = (
				980B13A129E69887000710DA /* NewsManager.swift */,
			);
			path = ViewModel;
			sourceTree = "<group>";
		};
		980B13B529E6EBDC000710DA /* Extensions */ = {
			isa = PBXGroup;
			children = (
				980B13B629E6EC01000710DA /* String.swift */,
			);
			path = Extensions;
			sourceTree = "<group>";
		};
/* End PBXGroup section */

/* Begin PBXNativeTarget section */
		980B138F29E6973A000710DA /* UKnewsTest */ = {
			isa = PBXNativeTarget;
			buildConfigurationList = 980B139E29E6973B000710DA /* Build configuration list for PBXNativeTarget "UKnewsTest" */;
			buildPhases = (
				980B138C29E6973A000710DA /* Sources */,
				980B138D29E6973A000710DA /* Frameworks */,
				980B138E29E6973A000710DA /* Resources */,
			);
			buildRules = (
			);
			dependencies = (
			);
			name = UKnewsTest;
			productName = UKnewsTest;
			productReference = 980B139029E6973A000710DA /* UKnewsTest.app */;
			productType = "com.apple.product-type.application";
		};
/* End PBXNativeTarget section */

/* Begin PBXProject section */
		980B138829E6973A000710DA /* Project object */ = {
			isa = PBXProject;
			attributes = {
				BuildIndependentTargetsInParallel = 1;
				LastSwiftUpdateCheck = 1430;
				LastUpgradeCheck = 1430;
				TargetAttributes = {
					980B138F29E6973A000710DA = {
						CreatedOnToolsVersion = 14.3;
					};
				};
			};
			buildConfigurationList = 980B138B29E6973A000710DA /* Build configuration list for PBXProject "UKnewsTest" */;
			compatibilityVersion = "Xcode 14.0";
			developmentRegion = en;
			hasScannedForEncodings = 0;
			knownRegions = (
				en,
				Base,
			);
			mainGroup = 980B138729E6973A000710DA;
			productRefGroup = 980B139129E6973A000710DA /* Products */;
			projectDirPath = "";
			projectRoot = "";
			targets = (
				980B138F29E6973A000710DA /* UKnewsTest */,
			);
		};
/* End PBXProject section */

/* Begin PBXResourcesBuildPhase section */
		980B138E29E6973A000710DA /* Resources */ = {
			isa = PBXResourcesBuildPhase;
			buildActionMask = 2147483647;
			files = (
				980B139B29E6973B000710DA /* Preview Assets.xcassets in Resources */,
				980B139829E6973B000710DA /* Assets.xcassets in Resources */,
			);
			runOnlyForDeploymentPostprocessing = 0;
		};
/* End PBXResourcesBuildPhase section */

/* Begin PBXSourcesBuildPhase section */
		980B138C29E6973A000710DA /* Sources */ = {
			isa = PBXSourcesBuildPhase;
			buildActionMask = 2147483647;
			files = (
				980B13A429E6992A000710DA /* NewsModel.swift in Sources */,
				980B13B129E6E1EA000710DA /* RowView.swift in Sources */,
				980B139629E6973A000710DA /* ContentView.swift in Sources */,
				980B13A229E69887000710DA /* NewsManager.swift in Sources */,
				980B13B729E6EC01000710DA /* String.swift in Sources */,
				980B13AA29E6D3D2000710DA /* DetailView.swift in Sources */,
				980B139429E6973A000710DA /* UKnewsTestApp.swift in Sources */,
			);
			runOnlyForDeploymentPostprocessing = 0;
		};
/* End PBXSourcesBuildPhase section */

/* Begin XCBuildConfiguration section */
		980B139C29E6973B000710DA /* Debug */ = {
			isa = XCBuildConfiguration;
			baseConfigurationReference = 980B13A729E6BEA2000710DA /* Config.xcconfig */;
			buildSettings = {
				ALWAYS_SEARCH_USER_PATHS = NO;
				CLANG_ANALYZER_NONNULL = YES;
				CLANG_ANALYZER_NUMBER_OBJECT_CONVERSION = YES_AGGRESSIVE;
				CLANG_CXX_LANGUAGE_STANDARD = "gnu++20";
				CLANG_ENABLE_MODULES = YES;
				CLANG_ENABLE_OBJC_ARC = YES;
				CLANG_ENABLE_OBJC_WEAK = YES;
				CLANG_WARN_BLOCK_CAPTURE_AUTORELEASING = YES;
				CLANG_WARN_BOOL_CONVERSION = YES;
				CLANG_WARN_COMMA = YES;
				CLANG_WARN_CONSTANT_CONVERSION = YES;
				CLANG_WARN_DEPRECATED_OBJC_IMPLEMENTATIONS = YES;
				CLANG_WARN_DIRECT_OBJC_ISA_USAGE = YES_ERROR;
				CLANG_WARN_DOCUMENTATION_COMMENTS = YES;
				CLANG_WARN_EMPTY_BODY = YES;
				CLANG_WARN_ENUM_CONVERSION = YES;
				CLANG_WARN_INFINITE_RECURSION = YES;
				CLANG_WARN_INT_CONVERSION = YES;
				CLANG_WARN_NON_LITERAL_NULL_CONVERSION = YES;
				CLANG_WARN_OBJC_IMPLICIT_RETAIN_SELF = YES;
				CLANG_WARN_OBJC_LITERAL_CONVERSION = YES;
				CLANG_WARN_OBJC_ROOT_CLASS = YES_ERROR;
				CLANG_WARN_QUOTED_INCLUDE_IN_FRAMEWORK_HEADER = YES;
				CLANG_WARN_RANGE_LOOP_ANALYSIS = YES;
				CLANG_WARN_STRICT_PROTOTYPES = YES;
				CLANG_WARN_SUSPICIOUS_MOVE = YES;
				CLANG_WARN_UNGUARDED_AVAILABILITY = YES_AGGRESSIVE;
				CLANG_WARN_UNREACHABLE_CODE = YES;
				CLANG_WARN__DUPLICATE_METHOD_MATCH = YES;
				COPY_PHASE_STRIP = NO;
				DEBUG_INFORMATION_FORMAT = dwarf;
				ENABLE_STRICT_OBJC_MSGSEND = YES;
				ENABLE_TESTABILITY = YES;
				GCC_C_LANGUAGE_STANDARD = gnu11;
				GCC_DYNAMIC_NO_PIC = NO;
				GCC_NO_COMMON_BLOCKS = YES;
				GCC_OPTIMIZATION_LEVEL = 0;
				GCC_PREPROCESSOR_DEFINITIONS = (
					"DEBUG=1",
					"$(inherited)",
				);
				GCC_WARN_64_TO_32_BIT_CONVERSION = YES;
				GCC_WARN_ABOUT_RETURN_TYPE = YES_ERROR;
				GCC_WARN_UNDECLARED_SELECTOR = YES;
				GCC_WARN_UNINITIALIZED_AUTOS = YES_AGGRESSIVE;
				GCC_WARN_UNUSED_FUNCTION = YES;
				GCC_WARN_UNUSED_VARIABLE = YES;
				IPHONEOS_DEPLOYMENT_TARGET = 16.4;
				MTL_ENABLE_DEBUG_INFO = INCLUDE_SOURCE;
				MTL_FAST_MATH = YES;
				ONLY_ACTIVE_ARCH = YES;
				SDKROOT = iphoneos;
				SWIFT_ACTIVE_COMPILATION_CONDITIONS = DEBUG;
				SWIFT_OPTIMIZATION_LEVEL = "-Onone";
			};
			name = Debug;
		};
		980B139D29E6973B000710DA /* Release */ = {
			isa = XCBuildConfiguration;
			baseConfigurationReference = 980B13A729E6BEA2000710DA /* Config.xcconfig */;
			buildSettings = {
				ALWAYS_SEARCH_USER_PATHS = NO;
				CLANG_ANALYZER_NONNULL = YES;
				CLANG_ANALYZER_NUMBER_OBJECT_CONVERSION = YES_AGGRESSIVE;
				CLANG_CXX_LANGUAGE_STANDARD = "gnu++20";
				CLANG_ENABLE_MODULES = YES;
				CLANG_ENABLE_OBJC_ARC = YES;
				CLANG_ENABLE_OBJC_WEAK = YES;
				CLANG_WARN_BLOCK_CAPTURE_AUTORELEASING = YES;
				CLANG_WARN_BOOL_CONVERSION = YES;
				CLANG_WARN_COMMA = YES;
				CLANG_WARN_CONSTANT_CONVERSION = YES;
				CLANG_WARN_DEPRECATED_OBJC_IMPLEMENTATIONS = YES;
				CLANG_WARN_DIRECT_OBJC_ISA_USAGE = YES_ERROR;
				CLANG_WARN_DOCUMENTATION_COMMENTS = YES;
				CLANG_WARN_EMPTY_BODY = YES;
				CLANG_WARN_ENUM_CONVERSION = YES;
				CLANG_WARN_INFINITE_RECURSION = YES;
				CLANG_WARN_INT_CONVERSION = YES;
				CLANG_WARN_NON_LITERAL_NULL_CONVERSION = YES;
				CLANG_WARN_OBJC_IMPLICIT_RETAIN_SELF = YES;
				CLANG_WARN_OBJC_LITERAL_CONVERSION = YES;
				CLANG_WARN_OBJC_ROOT_CLASS = YES_ERROR;
				CLANG_WARN_QUOTED_INCLUDE_IN_FRAMEWORK_HEADER = YES;
				CLANG_WARN_RANGE_LOOP_ANALYSIS = YES;
				CLANG_WARN_STRICT_PROTOTYPES = YES;
				CLANG_WARN_SUSPICIOUS_MOVE = YES;
				CLANG_WARN_UNGUARDED_AVAILABILITY = YES_AGGRESSIVE;
				CLANG_WARN_UNREACHABLE_CODE = YES;
				CLANG_WARN__DUPLICATE_METHOD_MATCH = YES;
				COPY_PHASE_STRIP = NO;
				DEBUG_INFORMATION_FORMAT = "dwarf-with-dsym";
				ENABLE_NS_ASSERTIONS = NO;
				ENABLE_STRICT_OBJC_MSGSEND = YES;
				GCC_C_LANGUAGE_STANDARD = gnu11;
				GCC_NO_COMMON_BLOCKS = YES;
				GCC_WARN_64_TO_32_BIT_CONVERSION = YES;
				GCC_WARN_ABOUT_RETURN_TYPE = YES_ERROR;
				GCC_WARN_UNDECLARED_SELECTOR = YES;
				GCC_WARN_UNINITIALIZED_AUTOS = YES_AGGRESSIVE;
				GCC_WARN_UNUSED_FUNCTION = YES;
				GCC_WARN_UNUSED_VARIABLE = YES;
				IPHONEOS_DEPLOYMENT_TARGET = 16.4;
				MTL_ENABLE_DEBUG_INFO = NO;
				MTL_FAST_MATH = YES;
				SDKROOT = iphoneos;
				SWIFT_COMPILATION_MODE = wholemodule;
				SWIFT_OPTIMIZATION_LEVEL = "-O";
				VALIDATE_PRODUCT = YES;
			};
			name = Release;
		};
		980B139F29E6973B000710DA /* Debug */ = {
			isa = XCBuildConfiguration;
			buildSettings = {
				ASSETCATALOG_COMPILER_APPICON_NAME = AppIcon;
				ASSETCATALOG_COMPILER_GLOBAL_ACCENT_COLOR_NAME = AccentColor;
				CODE_SIGN_STYLE = Automatic;
				CURRENT_PROJECT_VERSION = 1;
				DEVELOPMENT_ASSET_PATHS = "\"UKnewsTest/Preview Content\"";
				DEVELOPMENT_TEAM = 2W69D3B8FV;
				ENABLE_PREVIEWS = YES;
				GENERATE_INFOPLIST_FILE = YES;
				INFOPLIST_FILE = UKnewsTest/Info.plist;
				INFOPLIST_KEY_UIApplicationSceneManifest_Generation = YES;
				INFOPLIST_KEY_UIApplicationSupportsIndirectInputEvents = YES;
				INFOPLIST_KEY_UILaunchScreen_Generation = YES;
				INFOPLIST_KEY_UISupportedInterfaceOrientations_iPad = "UIInterfaceOrientationPortrait UIInterfaceOrientationPortraitUpsideDown UIInterfaceOrientationLandscapeLeft UIInterfaceOrientationLandscapeRight";
				INFOPLIST_KEY_UISupportedInterfaceOrientations_iPhone = "UIInterfaceOrientationPortrait UIInterfaceOrientationLandscapeLeft UIInterfaceOrientationLandscapeRight";
				LD_RUNPATH_SEARCH_PATHS = (
					"$(inherited)",
					"@executable_path/Frameworks",
				);
				MARKETING_VERSION = 1.0;
				PRODUCT_BUNDLE_IDENTIFIER = com.iStefBK.UKnewsTest;
				PRODUCT_NAME = "$(TARGET_NAME)";
				SWIFT_EMIT_LOC_STRINGS = YES;
				SWIFT_VERSION = 5.0;
				TARGETED_DEVICE_FAMILY = "1,2";
			};
			name = Debug;
		};
		980B13A029E6973B000710DA /* Release */ = {
			isa = XCBuildConfiguration;
			buildSettings = {
				ASSETCATALOG_COMPILER_APPICON_NAME = AppIcon;
				ASSETCATALOG_COMPILER_GLOBAL_ACCENT_COLOR_NAME = AccentColor;
				CODE_SIGN_STYLE = Automatic;
				CURRENT_PROJECT_VERSION = 1;
				DEVELOPMENT_ASSET_PATHS = "\"UKnewsTest/Preview Content\"";
				DEVELOPMENT_TEAM = 2W69D3B8FV;
				ENABLE_PREVIEWS = YES;
				GENERATE_INFOPLIST_FILE = YES;
				INFOPLIST_FILE = UKnewsTest/Info.plist;
				INFOPLIST_KEY_UIApplicationSceneManifest_Generation = YES;
				INFOPLIST_KEY_UIApplicationSupportsIndirectInputEvents = YES;
				INFOPLIST_KEY_UILaunchScreen_Generation = YES;
				INFOPLIST_KEY_UISupportedInterfaceOrientations_iPad = "UIInterfaceOrientationPortrait UIInterfaceOrientationPortraitUpsideDown UIInterfaceOrientationLandscapeLeft UIInterfaceOrientationLandscapeRight";
				INFOPLIST_KEY_UISupportedInterfaceOrientations_iPhone = "UIInterfaceOrientationPortrait UIInterfaceOrientationLandscapeLeft UIInterfaceOrientationLandscapeRight";
				LD_RUNPATH_SEARCH_PATHS = (
					"$(inherited)",
					"@executable_path/Frameworks",
				);
				MARKETING_VERSION = 1.0;
				PRODUCT_BUNDLE_IDENTIFIER = com.iStefBK.UKnewsTest;
				PRODUCT_NAME = "$(TARGET_NAME)";
				SWIFT_EMIT_LOC_STRINGS = YES;
				SWIFT_VERSION = 5.0;
				TARGETED_DEVICE_FAMILY = "1,2";
			};
			name = Release;
		};
/* End XCBuildConfiguration section */

/* Begin XCConfigurationList section */
		980B138B29E6973A000710DA /* Build configuration list for PBXProject "UKnewsTest" */ = {
			isa = XCConfigurationList;
			buildConfigurations = (
				980B139C29E6973B000710DA /* Debug */,
				980B139D29E6973B000710DA /* Release */,
			);
			defaultConfigurationIsVisible = 0;
			defaultConfigurationName = Release;
		};
		980B139E29E6973B000710DA /* Build configuration list for PBXNativeTarget "UKnewsTest" */ = {
			isa = XCConfigurationList;
			buildConfigurations = (
				980B139F29E6973B000710DA /* Debug */,
				980B13A029E6973B000710DA /* Release */,
			);
			defaultConfigurationIsVisible = 0;
			defaultConfigurationName = Release;
		};
/* End XCConfigurationList section */
	};
	rootObject = 980B138829E6973A000710DA /* Project object */;
}
